
Microsoft Visual Studio Solution File, Format Version 12.00
# Visual Studio Version 16
VisualStudioVersion = 16.0.31624.102
MinimumVisualStudioVersion = 10.0.40219.1
Project("{8BC9CEB8-8B4A-11D0-8D11-00A0C91BC942}") = "Lab_5.2", "Lab_5.2\Lab_5.2.vcxproj", "{C544CBA4-420D-491E-9C1C-667D2D0119E9}"
EndProject
Project("{8BC9CEB8-8B4A-11D0-8D11-00A0C91BC942}") = "UnitTest5.2", "UnitTest5.2\UnitTest5.2.vcxproj", "{5D5B98AB-1D7F-4988-AD95-9214D62F3458}"
EndProject
Global
	GlobalSection(SolutionConfigurationPlatforms) = preSolution
		Debug|x64 = Debug|x64
		Debug|x86 = Debug|x86
		Release|x64 = Release|x64
		Release|x86 = Release|x86
	EndGlobalSection
	GlobalSection(ProjectConfigurationPlatforms) = postSolution
		{C544CBA4-420D-491E-9C1C-667D2D0119E9}.Debug|x64.ActiveCfg = Debug|x64
		{C544CBA4-420D-491E-9C1C-667D2D0119E9}.Debug|x64.Build.0 = Debug|x64
		{C544CBA4-420D-491E-9C1C-667D2D0119E9}.Debug|x86.ActiveCfg = Debug|Win32
		{C544CBA4-420D-491E-9C1C-667D2D0119E9}.Debug|x86.Build.0 = Debug|Win32
		{C544CBA4-420D-491E-9C1C-667D2D0119E9}.Release|x64.ActiveCfg = Release|x64
		{C544CBA4-420D-491E-9C1C-667D2D0119E9}.Release|x64.Build.0 = Release|x64
		{C544CBA4-420D-491E-9C1C-667D2D0119E9}.Release|x86.ActiveCfg = Release|Win32
		{C544CBA4-420D-491E-9C1C-667D2D0119E9}.Release|x86.Build.0 = Release|Win32
		{5D5B98AB-1D7F-4988-AD95-9214D62F3458}.Debug|x64.ActiveCfg = Debug|x64
		{5D5B98AB-1D7F-4988-AD95-9214D62F3458}.Debug|x64.Build.0 = Debug|x64
		{5D5B98AB-1D7F-4988-AD95-9214D62F3458}.Debug|x86.ActiveCfg = Debug|Win32
		{5D5B98AB-1D7F-4988-AD95-9214D62F3458}.Debug|x86.Build.0 = Debug|Win32
		{5D5B98AB-1D7F-4988-AD95-9214D62F3458}.Release|x64.ActiveCfg = Release|x64
		{5D5B98AB-1D7F-4988-AD95-9214D62F3458}.Release|x64.Build.0 = Release|x64
		{5D5B98AB-1D7F-4988-AD95-9214D62F3458}.Release|x86.ActiveCfg = Release|Win32
		{5D5B98AB-1D7F-4988-AD95-9214D62F3458}.Release|x86.Build.0 = Release|Win32
	EndGlobalSection
	GlobalSection(SolutionProperties) = preSolution
		HideSolutionNode = FALSE
	EndGlobalSection
	GlobalSection(ExtensibilityGlobals) = postSolution
		SolutionGuid = {1AF3DBA5-B8D2-4D55-BCFE-2F36EE62ADFF}
	EndGlobalSection
EndGlobal
